<?xml version="1.0" encoding="utf-8"?>
<Project ToolsVersion="4.0" xmlns="http://schemas.microsoft.com/developer/msbuild/2003">
  <ItemGroup>
    <Filter Include="头文件">
      <UniqueIdentifier>{93995380-89BD-4b04-88EB-625FBE52EBFB}</UniqueIdentifier>
      <Extensions>h;hh;hpp;hxx;hm;inl;inc;ipp;xsd</Extensions>
    </Filter>
    <Filter Include="资源文件">
      <UniqueIdentifier>{67DA6AB6-F800-4c08-8B7A-83BB121AAD01}</UniqueIdentifier>
      <Extensions>rc;ico;cur;bmp;dlg;rc2;rct;bin;rgs;gif;jpg;jpeg;jpe;resx;tiff;tif;png;wav;mfcribbon-ms</Extensions>
    </Filter>
    <Filter Include="源文件">
      <UniqueIdentifier>{4FC737F1-C7A5-4376-A066-2A32D752A2FF}</UniqueIdentifier>
      <Extensions>cpp;c;cc;cxx;def;odl;idl;hpj;bat;asm;asmx</Extensions>
    </Filter>
  </ItemGroup>
  <ItemGroup>
    <ClInclude Include="Sales_item.h">
      <Filter>头文件</Filter>
    </ClInclude>
    <ClInclude Include="Version_test.h">
      <Filter>头文件</Filter>
    </ClInclude>
    <ClInclude Include="Sales_data.h">
      <Filter>头文件</Filter>
    </ClInclude>
  </ItemGroup>
  <ItemGroup>
    <ClCompile Include="test9.1.cpp">
      <Filter>源文件</Filter>
    </ClCompile>
    <ClCompile Include="test9.2.cpp">
      <Filter>源文件</Filter>
    </ClCompile>
    <ClCompile Include="test9.3.cpp">
      <Filter>源文件</Filter>
    </ClCompile>
    <ClCompile Include="test9.4.cpp">
      <Filter>源文件</Filter>
    </ClCompile>
    <ClCompile Include="test9.5.cpp">
      <Filter>源文件</Filter>
    </ClCompile>
    <ClCompile Include="test9.6.cpp">
      <Filter>源文件</Filter>
    </ClCompile>
    <ClCompile Include="test9.7.cpp">
      <Filter>源文件</Filter>
    </ClCompile>
    <ClCompile Include="test9.8.cpp">
      <Filter>源文件</Filter>
    </ClCompile>
    <ClCompile Include="test9.9.cpp">
      <Filter>源文件</Filter>
    </ClCompile>
    <ClCompile Include="test9.10.cpp">
      <Filter>源文件</Filter>
    </ClCompile>
    <ClCompile Include="test9.11.cpp">
      <Filter>源文件</Filter>
    </ClCompile>
    <ClCompile Include="test9.12.cpp">
      <Filter>源文件</Filter>
    </ClCompile>
    <ClCompile Include="test9.14.cpp">
      <Filter>源文件</Filter>
    </ClCompile>
    <ClCompile Include="test9.13.cpp">
      <Filter>源文件</Filter>
    </ClCompile>
    <ClCompile Include="test9.15.cpp">
      <Filter>源文件</Filter>
    </ClCompile>
    <ClCompile Include="test9.16.cpp">
      <Filter>源文件</Filter>
    </ClCompile>
    <ClCompile Include="test9.17.cpp">
      <Filter>源文件</Filter>
    </ClCompile>
    <ClCompile Include="test9.18.cpp">
      <Filter>源文件</Filter>
    </ClCompile>
    <ClCompile Include="test9.19.cpp">
      <Filter>源文件</Filter>
    </ClCompile>
    <ClCompile Include="test9.20.cpp">
      <Filter>源文件</Filter>
    </ClCompile>
    <ClCompile Include="test9.21.cpp">
      <Filter>源文件</Filter>
    </ClCompile>
    <ClCompile Include="test9.22.cpp">
      <Filter>源文件</Filter>
    </ClCompile>
    <ClCompile Include="test9.23.cpp">
      <Filter>源文件</Filter>
    </ClCompile>
    <ClCompile Include="test9.24.cpp">
      <Filter>源文件</Filter>
    </ClCompile>
    <ClCompile Include="test9.25.cpp">
      <Filter>源文件</Filter>
    </ClCompile>
    <ClCompile Include="test9.26.cpp">
      <Filter>源文件</Filter>
    </ClCompile>
    <ClCompile Include="test9.27.cpp">
      <Filter>源文件</Filter>
    </ClCompile>
    <ClCompile Include="test9.28.cpp">
      <Filter>源文件</Filter>
    </ClCompile>
    <ClCompile Include="test9.29.cpp">
      <Filter>源文件</Filter>
    </ClCompile>
    <ClCompile Include="test9.30.cpp">
      <Filter>源文件</Filter>
    </ClCompile>
    <ClCompile Include="test9.31.cpp">
      <Filter>源文件</Filter>
    </ClCompile>
    <ClCompile Include="test9.32.cpp">
      <Filter>源文件</Filter>
    </ClCompile>
    <ClCompile Include="test9.33.cpp">
      <Filter>源文件</Filter>
    </ClCompile>
    <ClCompile Include="test9.34.cpp">
      <Filter>源文件</Filter>
    </ClCompile>
    <ClCompile Include="test9.35.cpp">
      <Filter>源文件</Filter>
    </ClCompile>
    <ClCompile Include="test9.36.cpp">
      <Filter>源文件</Filter>
    </ClCompile>
    <ClCompile Include="test9.37.cpp">
      <Filter>源文件</Filter>
    </ClCompile>
    <ClCompile Include="test9.38.cpp">
      <Filter>源文件</Filter>
    </ClCompile>
    <ClCompile Include="test9.39.cpp">
      <Filter>源文件</Filter>
    </ClCompile>
    <ClCompile Include="test9.40.cpp">
      <Filter>源文件</Filter>
    </ClCompile>
    <ClCompile Include="test9.41.cpp">
      <Filter>源文件</Filter>
    </ClCompile>
    <ClCompile Include="test9.42.cpp">
      <Filter>源文件</Filter>
    </ClCompile>
    <ClCompile Include="test9.43.cpp">
      <Filter>源文件</Filter>
    </ClCompile>
    <ClCompile Include="test9.44.cpp">
      <Filter>源文件</Filter>
    </ClCompile>
    <ClCompile Include="test9.45.cpp">
      <Filter>源文件</Filter>
    </ClCompile>
    <ClCompile Include="test9.46.cpp">
      <Filter>源文件</Filter>
    </ClCompile>
    <ClCompile Include="test9.47.cpp">
      <Filter>源文件</Filter>
    </ClCompile>
    <ClCompile Include="test9.48.cpp">
      <Filter>源文件</Filter>
    </ClCompile>
    <ClCompile Include="test9.49.cpp">
      <Filter>源文件</Filter>
    </ClCompile>
    <ClCompile Include="test9.50.cpp">
      <Filter>源文件</Filter>
    </ClCompile>
    <ClCompile Include="test9.51.cpp">
      <Filter>源文件</Filter>
    </ClCompile>
    <ClCompile Include="test9.52.cpp">
      <Filter>源文件</Filter>
    </ClCompile>
  </ItemGroup>
</Project>